
Microsoft Visual Studio Solution File, Format Version 12.00
# Visual Studio Version 16
VisualStudioVersion = 16.0.30011.22
MinimumVisualStudioVersion = 10.0.40219.1
Project("{FAE04EC0-301F-11D3-BF4B-00C04F79EFBC}") = "Mayores100", "Mayores100\Mayores100.csproj", "{456F2B73-4028-4E37-83D9-C4387EBD9274}"
EndProject
Global
	GlobalSection(SolutionConfigurationPlatforms) = preSolution
		Debug|Any CPU = Debug|Any CPU
		Release|Any CPU = Release|Any CPU
	EndGlobalSection
	GlobalSection(ProjectConfigurationPlatforms) = postSolution
		{456F2B73-4028-4E37-83D9-C4387EBD9274}.Debug|Any CPU.ActiveCfg = Debug|Any CPU
		{456F2B73-4028-4E37-83D9-C4387EBD9274}.Debug|Any CPU.Build.0 = Debug|Any CPU
		{456F2B73-4028-4E37-83D9-C4387EBD9274}.Release|Any CPU.ActiveCfg = Release|Any CPU
		{456F2B73-4028-4E37-83D9-C4387EBD9274}.Release|Any CPU.Build.0 = Release|Any CPU
	EndGlobalSection
	GlobalSection(SolutionProperties) = preSolution
		HideSolutionNode = FALSE
	EndGlobalSection
	GlobalSection(ExtensibilityGlobals) = postSolution
		SolutionGuid = {85D96927-4B84-42D8-B77E-34AC67EB81C4}
	EndGlobalSection
EndGlobal
